
Microsoft Visual Studio Solution File, Format Version 12.00
# Visual Studio Version 17
VisualStudioVersion = 17.11.35327.3
MinimumVisualStudioVersion = 10.0.40219.1
Project("{FAE04EC0-301F-11D3-BF4B-00C04F79EFBC}") = "prac9", "prac9\prac9.csproj", "{15723983-1C04-4F86-86CE-DE56186208C5}"
EndProject
Global
	GlobalSection(SolutionConfigurationPlatforms) = preSolution
		Debug|Any CPU = Debug|Any CPU
		Release|Any CPU = Release|Any CPU
	EndGlobalSection
	GlobalSection(ProjectConfigurationPlatforms) = postSolution
		{15723983-1C04-4F86-86CE-DE56186208C5}.Debug|Any CPU.ActiveCfg = Debug|Any CPU
		{15723983-1C04-4F86-86CE-DE56186208C5}.Debug|Any CPU.Build.0 = Debug|Any CPU
		{15723983-1C04-4F86-86CE-DE56186208C5}.Release|Any CPU.ActiveCfg = Release|Any CPU
		{15723983-1C04-4F86-86CE-DE56186208C5}.Release|Any CPU.Build.0 = Release|Any CPU
	EndGlobalSection
	GlobalSection(SolutionProperties) = preSolution
		HideSolutionNode = FALSE
	EndGlobalSection
	GlobalSection(ExtensibilityGlobals) = postSolution
		SolutionGuid = {50782E18-7B89-4B49-9C17-975A07978745}
	EndGlobalSection
EndGlobal
